
Microsoft Visual Studio Solution File, Format Version 12.00
# Visual Studio Version 16
VisualStudioVersion = 16.0.30011.22
MinimumVisualStudioVersion = 10.0.40219.1
Project("{FAE04EC0-301F-11D3-BF4B-00C04F79EFBC}") = "ActivityChecklistProgram", "ActivityChecklistProgram\ActivityChecklistProgram.csproj", "{8EB8B7F1-3802-4458-BCE4-2F5CD5DA6CAC}"
EndProject
Global
	GlobalSection(SolutionConfigurationPlatforms) = preSolution
		Debug|Any CPU = Debug|Any CPU
		Release|Any CPU = Release|Any CPU
	EndGlobalSection
	GlobalSection(ProjectConfigurationPlatforms) = postSolution
		{8EB8B7F1-3802-4458-BCE4-2F5CD5DA6CAC}.Debug|Any CPU.ActiveCfg = Debug|Any CPU
		{8EB8B7F1-3802-4458-BCE4-2F5CD5DA6CAC}.Debug|Any CPU.Build.0 = Debug|Any CPU
		{8EB8B7F1-3802-4458-BCE4-2F5CD5DA6CAC}.Release|Any CPU.ActiveCfg = Release|Any CPU
		{8EB8B7F1-3802-4458-BCE4-2F5CD5DA6CAC}.Release|Any CPU.Build.0 = Release|Any CPU
	EndGlobalSection
	GlobalSection(SolutionProperties) = preSolution
		HideSolutionNode = FALSE
	EndGlobalSection
	GlobalSection(ExtensibilityGlobals) = postSolution
		SolutionGuid = {19CB12A1-3CC8-4F18-BFB9-0944121DB2E0}
	EndGlobalSection
EndGlobal
